
Microsoft Visual Studio Solution File, Format Version 12.00
# Visual Studio Version 17
VisualStudioVersion = 17.11.35312.102
MinimumVisualStudioVersion = 10.0.40219.1
Project("{FAE04EC0-301F-11D3-BF4B-00C04F79EFBC}") = "TPC_equipo-12b", "TPC_equipo-12b\TPC_equipo-12b.csproj", "{266A29E9-DB9D-4719-B3FE-9FE0B475C2EB}"
EndProject
Project("{FAE04EC0-301F-11D3-BF4B-00C04F79EFBC}") = "AccesoDatos", "AccesoDatos\AccesoDatos.csproj", "{BA9A445B-0B74-44BB-9544-690B1E3F3201}"
EndProject
Project("{FAE04EC0-301F-11D3-BF4B-00C04F79EFBC}") = "Dominio", "Dominio\Dominio.csproj", "{F8686CEC-0540-4DAC-A539-4037C2C45FB1}"
EndProject
Project("{FAE04EC0-301F-11D3-BF4B-00C04F79EFBC}") = "Negocio", "Negocio\Negocio.csproj", "{3ABE9ABC-F345-4B74-87C3-45048D4790F6}"
EndProject
Global
	GlobalSection(SolutionConfigurationPlatforms) = preSolution
		Debug|Any CPU = Debug|Any CPU
		Release|Any CPU = Release|Any CPU
	EndGlobalSection
	GlobalSection(ProjectConfigurationPlatforms) = postSolution
		{266A29E9-DB9D-4719-B3FE-9FE0B475C2EB}.Debug|Any CPU.ActiveCfg = Debug|Any CPU
		{266A29E9-DB9D-4719-B3FE-9FE0B475C2EB}.Debug|Any CPU.Build.0 = Debug|Any CPU
		{266A29E9-DB9D-4719-B3FE-9FE0B475C2EB}.Release|Any CPU.ActiveCfg = Release|Any CPU
		{266A29E9-DB9D-4719-B3FE-9FE0B475C2EB}.Release|Any CPU.Build.0 = Release|Any CPU
		{BA9A445B-0B74-44BB-9544-690B1E3F3201}.Debug|Any CPU.ActiveCfg = Debug|Any CPU
		{BA9A445B-0B74-44BB-9544-690B1E3F3201}.Debug|Any CPU.Build.0 = Debug|Any CPU
		{BA9A445B-0B74-44BB-9544-690B1E3F3201}.Release|Any CPU.ActiveCfg = Release|Any CPU
		{BA9A445B-0B74-44BB-9544-690B1E3F3201}.Release|Any CPU.Build.0 = Release|Any CPU
		{F8686CEC-0540-4DAC-A539-4037C2C45FB1}.Debug|Any CPU.ActiveCfg = Debug|Any CPU
		{F8686CEC-0540-4DAC-A539-4037C2C45FB1}.Debug|Any CPU.Build.0 = Debug|Any CPU
		{F8686CEC-0540-4DAC-A539-4037C2C45FB1}.Release|Any CPU.ActiveCfg = Release|Any CPU
		{F8686CEC-0540-4DAC-A539-4037C2C45FB1}.Release|Any CPU.Build.0 = Release|Any CPU
		{3ABE9ABC-F345-4B74-87C3-45048D4790F6}.Debug|Any CPU.ActiveCfg = Debug|Any CPU
		{3ABE9ABC-F345-4B74-87C3-45048D4790F6}.Debug|Any CPU.Build.0 = Debug|Any CPU
		{3ABE9ABC-F345-4B74-87C3-45048D4790F6}.Release|Any CPU.ActiveCfg = Release|Any CPU
		{3ABE9ABC-F345-4B74-87C3-45048D4790F6}.Release|Any CPU.Build.0 = Release|Any CPU
	EndGlobalSection
	GlobalSection(SolutionProperties) = preSolution
		HideSolutionNode = FALSE
	EndGlobalSection
	GlobalSection(ExtensibilityGlobals) = postSolution
		SolutionGuid = {B59EF7DA-4FF6-43E6-8D06-1F9EC5539A79}
	EndGlobalSection
EndGlobal
